
Microsoft Visual Studio Solution File, Format Version 12.00
# Visual Studio Version 16
VisualStudioVersion = 16.0.31702.278
MinimumVisualStudioVersion = 10.0.40219.1
Project("{FAE04EC0-301F-11D3-BF4B-00C04F79EFBC}") = "QRtoPDF", "QRtoPDF\QRtoPDF.csproj", "{6ACD6732-CD7E-451E-94E4-7074AAC8DA5F}"
EndProject
Global
	GlobalSection(SolutionConfigurationPlatforms) = preSolution
		Debug|Any CPU = Debug|Any CPU
		Release|Any CPU = Release|Any CPU
	EndGlobalSection
	GlobalSection(ProjectConfigurationPlatforms) = postSolution
		{6ACD6732-CD7E-451E-94E4-7074AAC8DA5F}.Debug|Any CPU.ActiveCfg = Debug|Any CPU
		{6ACD6732-CD7E-451E-94E4-7074AAC8DA5F}.Debug|Any CPU.Build.0 = Debug|Any CPU
		{6ACD6732-CD7E-451E-94E4-7074AAC8DA5F}.Release|Any CPU.ActiveCfg = Release|Any CPU
		{6ACD6732-CD7E-451E-94E4-7074AAC8DA5F}.Release|Any CPU.Build.0 = Release|Any CPU
	EndGlobalSection
	GlobalSection(SolutionProperties) = preSolution
		HideSolutionNode = FALSE
	EndGlobalSection
	GlobalSection(ExtensibilityGlobals) = postSolution
		SolutionGuid = {17CBAD23-9FFA-471C-8C3B-F8443CDC8AAB}
	EndGlobalSection
EndGlobal
